github.com/davecgh/go-spew v1.1.0/go.mod h1:J7Y8YcW2NihsgmVo/mv3lAwl/skON4iLHjSsI+c5H38=
github.com/davecgh/go-spew v1.1.2-0.20180830191138-d8f796af33cc/go.mod h1:J7Y8YcW2NihsgmVo/mv3lAwl/skON4iLHjSsI+c5H38=
github.com/google/uuid v1.6.0/go.mod h1:TIyPZe4MgqvfeYDBFedMoGGpEw/LqOeaOT+nhxU+yHo=
github.com/ikaiguang/go-gorm-kit v0.0.2/go.mod h1:5+FfUTBhFP2YpL0IPwkgM+wjn/G50i6Iy42YnBizaEo=
github.com/ikaiguang/go-kit v0.0.4/go.mod h1:cBqw5ENhkpGGyAaWHU+tS+iTfVKF+ZnrVFfT43Yxid4=
github.com/jackc/pgpassfile v1.0.0/go.mod h1:CEx0iS5ambNFdcRtxPj5JhEz+xB6uRky5eyVu/W2HEg=
github.com/jackc/pgservicefile v0.0.0-20240606120523-5a60cdf6a761/go.mod h1:5TJZWKEWniPve33vlWYSoGYefn3gLQRzjfDlhSJ9ZKM=
github.com/jackc/pgx/v5 v5.9.2/go.mod h1:mal1tBGAFfLHvZzaYh77YS/eC6IX9OWbRV1QIIM0Jn4=
github.com/jackc/puddle/v2 v2.2.2/go.mod h1:vriiEXHvEE654aYKXXjOvZM39qJ0q+azkZFrfEOc3H4=
github.com/jinzhu/inflection v1.0.0/go.mod h1:h+uFLlag+Qp1Va5pdKtLDYj+kHp5pxUVkryuEj+Srlc=
github.com/jinzhu/now v1.1.5/go.mod h1:d3SSVoowX0Lcu0IBviAWJpolVfI5UJVZZ7cO71lE/z8=
github.com/mattn/go-sqlite3 v1.14.15/go.mod h1:2eHXhiwb8IkHr+BDWZGa96P6+rkvnG63S2DGjv9HUNg=
github.com/mattn/go-sqlite3 v1.14.16/go.mod h1:2eHXhiwb8IkHr+BDWZGa96P6+rkvnG63S2DGjv9HUNg=
github.com/pmezard/go-difflib v1.0.0/go.mod h1:iKH77koFhYxTK1pcRnkKkqfTogsbg7gZNVY4sRDYZ/4=
github.com/pmezard/go-difflib v1.0.1-0.20181226105442-5d4384ee4fb2/go.mod h1:iKH77koFhYxTK1pcRnkKkqfTogsbg7gZNVY4sRDYZ/4=
github.com/stretchr/objx v0.1.0/go.mod h1:HFkY916IF+rwdDfMAkV7OtwuqBVzrE8GR6GFx+wExME=
github.com/stretchr/testify v1.3.0/go.mod h1:M5WIy9Dh21IEIfnGCwXGc5bZfKNJtfHm1UVUgZn+9EI=
github.com/stretchr/testify v1.7.0/go.mod h1:6Fq8oRcR53rry900zMqJjRRixrwX3KX962/h/Wwjteg=
github.com/stretchr/testify v1.11.1/go.mod h1:wZwfW3scLgRK+23gO65QZefKpKQRnfz6sD981Nm4B6U=
golang.org/x/sync v0.20.0/go.mod h1:9xrNwdLfx4jkKbNva9FpL6vEN7evnE43NNNJQ2LF3+0=
golang.org/x/text v0.36.0/go.mod h1:NIdBknypM8iqVmPiuco0Dh6P5Jcdk8lJL0CUebqK164=
google.golang.org/protobuf v1.36.11/go.mod h1:HTf+CrKn2C3g5S8VImy6tdcUvCska2kB7j23XfzDpco=
gopkg.in/check.v1 v0.0.0-20161208181325-20d25e280405/go.mod h1:Co6ibVJAznAaIkqp8huTwlJQCZ016jof/cbN4VW5Yz0=
gopkg.in/yaml.v3 v3.0.0-20200313102051-9f266ea9e77c/go.mod h1:K4uyk7z7BCEPqu6E+C64Yfv1cQ7kz7rIZviUmN+EgEM=
gopkg.in/yaml.v3 v3.0.1/go.mod h1:K4uyk7z7BCEPqu6E+C64Yfv1cQ7kz7rIZviUmN+EgEM=
gorm.io/driver/postgres v1.6.0/go.mod h1:vUw0mrGgrTK+uPHEhAdV4sfFELrByKVGnaVRkXDhtWo=
gorm.io/driver/sqlite v1.5.0/go.mod h1:kDMDfntV9u/vuMmz8APHtHF0b4nyBB7sfCieC6G8k8I=
gorm.io/gorm v1.24.7-0.20230306060331-85eaf9eeda11/go.mod h1:L4uxeKpfBml98NYqVqwAdmV1a2nBtAec/cf3fpucW/k=
gorm.io/gorm v1.25.0/go.mod h1:L4uxeKpfBml98NYqVqwAdmV1a2nBtAec/cf3fpucW/k=
gorm.io/gorm v1.31.1/go.mod h1:XyQVbO2k6YkOis7C2437jSit3SsDK72s7n7rsSHd+Gs=
gorm.io/hints v1.1.2/go.mod h1:/ARdpUHAtyEMCh5NNi3tI7FsGh+Cj/MIUlvNxCNCFWg=
